
Microsoft Visual Studio Solution File, Format Version 12.00
# Visual Studio Version 17
VisualStudioVersion = 17.7.34221.43
MinimumVisualStudioVersion = 10.0.40219.1
Project("{FAE04EC0-301F-11D3-BF4B-00C04F79EFBC}") = "seminar8", "seminar8\seminar8.csproj", "{27DCE133-1944-4AFB-91B1-8B48E0EC39EB}"
EndProject
Global
	GlobalSection(SolutionConfigurationPlatforms) = preSolution
		Debug|Any CPU = Debug|Any CPU
		Release|Any CPU = Release|Any CPU
	EndGlobalSection
	GlobalSection(ProjectConfigurationPlatforms) = postSolution
		{27DCE133-1944-4AFB-91B1-8B48E0EC39EB}.Debug|Any CPU.ActiveCfg = Debug|Any CPU
		{27DCE133-1944-4AFB-91B1-8B48E0EC39EB}.Debug|Any CPU.Build.0 = Debug|Any CPU
		{27DCE133-1944-4AFB-91B1-8B48E0EC39EB}.Release|Any CPU.ActiveCfg = Release|Any CPU
		{27DCE133-1944-4AFB-91B1-8B48E0EC39EB}.Release|Any CPU.Build.0 = Release|Any CPU
	EndGlobalSection
	GlobalSection(SolutionProperties) = preSolution
		HideSolutionNode = FALSE
	EndGlobalSection
	GlobalSection(ExtensibilityGlobals) = postSolution
		SolutionGuid = {E988F121-71DD-47BF-941D-E0BCFB8146EA}
	EndGlobalSection
EndGlobal
