
Microsoft Visual Studio Solution File, Format Version 12.00
# Visual Studio Version 17
VisualStudioVersion = 17.7.34221.43
MinimumVisualStudioVersion = 10.0.40219.1
Project("{FAE04EC0-301F-11D3-BF4B-00C04F79EFBC}") = "seminar6ex3", "seminar6ex3\seminar6ex3.csproj", "{1D49B953-EF46-4CFF-AA97-251B83E9FAB7}"
EndProject
Global
	GlobalSection(SolutionConfigurationPlatforms) = preSolution
		Debug|Any CPU = Debug|Any CPU
		Release|Any CPU = Release|Any CPU
	EndGlobalSection
	GlobalSection(ProjectConfigurationPlatforms) = postSolution
		{1D49B953-EF46-4CFF-AA97-251B83E9FAB7}.Debug|Any CPU.ActiveCfg = Debug|Any CPU
		{1D49B953-EF46-4CFF-AA97-251B83E9FAB7}.Debug|Any CPU.Build.0 = Debug|Any CPU
		{1D49B953-EF46-4CFF-AA97-251B83E9FAB7}.Release|Any CPU.ActiveCfg = Release|Any CPU
		{1D49B953-EF46-4CFF-AA97-251B83E9FAB7}.Release|Any CPU.Build.0 = Release|Any CPU
	EndGlobalSection
	GlobalSection(SolutionProperties) = preSolution
		HideSolutionNode = FALSE
	EndGlobalSection
	GlobalSection(ExtensibilityGlobals) = postSolution
		SolutionGuid = {26B4A0E5-6C20-4C75-A3A4-C9AFE817D3B7}
	EndGlobalSection
EndGlobal
