
Microsoft Visual Studio Solution File, Format Version 12.00
# Visual Studio Version 17
VisualStudioVersion = 17.7.34221.43
MinimumVisualStudioVersion = 10.0.40219.1
Project("{FAE04EC0-301F-11D3-BF4B-00C04F79EFBC}") = "s4e2", "s4e2\s4e2.csproj", "{64846C10-BCD5-4C34-8D39-42F168D35347}"
EndProject
Global
	GlobalSection(SolutionConfigurationPlatforms) = preSolution
		Debug|Any CPU = Debug|Any CPU
		Release|Any CPU = Release|Any CPU
	EndGlobalSection
	GlobalSection(ProjectConfigurationPlatforms) = postSolution
		{64846C10-BCD5-4C34-8D39-42F168D35347}.Debug|Any CPU.ActiveCfg = Debug|Any CPU
		{64846C10-BCD5-4C34-8D39-42F168D35347}.Debug|Any CPU.Build.0 = Debug|Any CPU
		{64846C10-BCD5-4C34-8D39-42F168D35347}.Release|Any CPU.ActiveCfg = Release|Any CPU
		{64846C10-BCD5-4C34-8D39-42F168D35347}.Release|Any CPU.Build.0 = Release|Any CPU
	EndGlobalSection
	GlobalSection(SolutionProperties) = preSolution
		HideSolutionNode = FALSE
	EndGlobalSection
	GlobalSection(ExtensibilityGlobals) = postSolution
		SolutionGuid = {0E0DACF3-D3CB-4DAF-B8B7-2150771CDAF9}
	EndGlobalSection
EndGlobal
